
Microsoft Visual Studio Solution File, Format Version 12.00
# Visual Studio 14
VisualStudioVersion = 14.0.25420.1
MinimumVisualStudioVersion = 10.0.40219.1
Project("{FAE04EC0-301F-11D3-BF4B-00C04F79EFBC}") = "UnityEngineAnalyzer", "UnityEngineAnalyzer\UnityEngineAnalyzer\UnityEngineAnalyzer.csproj", "{BFB2BB34-FED8-48CC-9B83-A6E38BA5666C}"
EndProject
Project("{FAE04EC0-301F-11D3-BF4B-00C04F79EFBC}") = "UnityEngineAnalyzer.Test", "UnityEngineAnalyzer\UnityEngineAnalyzer.Test\UnityEngineAnalyzer.Test.csproj", "{76CAC24F-3E52-43A1-A696-6848EB9C1E7B}"
EndProject
Project("{FAE04EC0-301F-11D3-BF4B-00C04F79EFBC}") = "UnityEngineAnalyzer.Vsix", "UnityEngineAnalyzer\UnityEngineAnalyzer.Vsix\UnityEngineAnalyzer.Vsix.csproj", "{23A41489-857C-4FC7-9B96-2F20D8EE380B}"
EndProject
Project("{FAE04EC0-301F-11D3-BF4B-00C04F79EFBC}") = "UnityEngineAnalyzer.CLI", "UnityEngineAnalyzer.CLI\UnityEngineAnalyzer.CLI.csproj", "{9C2B02D9-9DCF-4617-AEF5-C00B2A332B83}"
EndProject
Global
	GlobalSection(SolutionConfigurationPlatforms) = preSolution
		Debug|Any CPU = Debug|Any CPU
		Release|Any CPU = Release|Any CPU
	EndGlobalSection
	GlobalSection(ProjectConfigurationPlatforms) = postSolution
		{BFB2BB34-FED8-48CC-9B83-A6E38BA5666C}.Debug|Any CPU.ActiveCfg = Debug|Any CPU
		{BFB2BB34-FED8-48CC-9B83-A6E38BA5666C}.Debug|Any CPU.Build.0 = Debug|Any CPU
		{BFB2BB34-FED8-48CC-9B83-A6E38BA5666C}.Release|Any CPU.ActiveCfg = Release|Any CPU
		{BFB2BB34-FED8-48CC-9B83-A6E38BA5666C}.Release|Any CPU.Build.0 = Release|Any CPU
		{76CAC24F-3E52-43A1-A696-6848EB9C1E7B}.Debug|Any CPU.ActiveCfg = Debug|Any CPU
		{76CAC24F-3E52-43A1-A696-6848EB9C1E7B}.Debug|Any CPU.Build.0 = Debug|Any CPU
		{76CAC24F-3E52-43A1-A696-6848EB9C1E7B}.Release|Any CPU.ActiveCfg = Release|Any CPU
		{76CAC24F-3E52-43A1-A696-6848EB9C1E7B}.Release|Any CPU.Build.0 = Release|Any CPU
		{23A41489-857C-4FC7-9B96-2F20D8EE380B}.Debug|Any CPU.ActiveCfg = Debug|Any CPU
		{23A41489-857C-4FC7-9B96-2F20D8EE380B}.Debug|Any CPU.Build.0 = Debug|Any CPU
		{23A41489-857C-4FC7-9B96-2F20D8EE380B}.Release|Any CPU.ActiveCfg = Release|Any CPU
		{23A41489-857C-4FC7-9B96-2F20D8EE380B}.Release|Any CPU.Build.0 = Release|Any CPU
		{9C2B02D9-9DCF-4617-AEF5-C00B2A332B83}.Debug|Any CPU.ActiveCfg = Debug|Any CPU
		{9C2B02D9-9DCF-4617-AEF5-C00B2A332B83}.Debug|Any CPU.Build.0 = Debug|Any CPU
		{9C2B02D9-9DCF-4617-AEF5-C00B2A332B83}.Release|Any CPU.ActiveCfg = Release|Any CPU
		{9C2B02D9-9DCF-4617-AEF5-C00B2A332B83}.Release|Any CPU.Build.0 = Release|Any CPU
	EndGlobalSection
	GlobalSection(SolutionProperties) = preSolution
		HideSolutionNode = FALSE
	EndGlobalSection
EndGlobal
